<Solution>
  <Folder Name="/Task0/">
    <Project Path="Tyuiu.MuliavinIM.Sprint4.Task0.V29.Lib/Tyuiu.MuliavinIM.Sprint4.Task0.V29.Lib.csproj" Id="1b6b850f-a62e-4caf-b70a-e6941736c7fc" />
    <Project Path="Tyuiu.MuliavinIM.Sprint4.Task0.V29.Test/Tyuiu.MuliavinIM.Sprint4.Task0.V29.Test.csproj" Id="3cde452f-fe2a-4b6b-a5e3-bdf48b7a2350" />
    <Project Path="Tyuiu.MuliavinIM.Sprint4.Task0.V29/Tyuiu.MuliavinIM.Sprint4.Task0.V29.csproj" Id="58d8b031-0a0c-4af4-9651-1a1c0239772b" />
  </Folder>
</Solution>
